<?xml version="1.0" encoding="UTF-8"?>
<CodeBlocks_project_file>
	<FileVersion major="1" minor="6"/>
	<Project>
		<Option title="riscv-exe"/>
		<Option makefile_is_custom="1"/>
		<Option compiler="clang"/>
		<Option virtualFolders="CMake Files\;"/>
		<Build>
			<Target title="all">
				<Option working_dir="/Users/gafert/Documents/RISC-V-Simulation/risc_test_executable"/>
				<Option type="4"/>
				<MakeCommands>
					<Build command="/usr/bin/make -j4 -f &quot;/Users/gafert/Documents/RISC-V-Simulation/risc_test_executable/Makefile&quot;  VERBOSE=1 all"/>
					<CompileFile command="/usr/bin/make -j4 -f &quot;/Users/gafert/Documents/RISC-V-Simulation/risc_test_executable/Makefile&quot;  VERBOSE=1 &quot;$file&quot;"/>
					<Clean command="/usr/bin/make -j4 -f &quot;/Users/gafert/Documents/RISC-V-Simulation/risc_test_executable/Makefile&quot;  VERBOSE=1 clean"/>
					<DistClean command="/usr/bin/make -j4 -f &quot;/Users/gafert/Documents/RISC-V-Simulation/risc_test_executable/Makefile&quot;  VERBOSE=1 clean"/>
				</MakeCommands>
			</Target>
			<Target title="rebuild_cache">
				<Option working_dir="/Users/gafert/Documents/RISC-V-Simulation/risc_test_executable"/>
				<Option type="4"/>
				<MakeCommands>
					<Build command="/usr/bin/make -j4 -f &quot;/Users/gafert/Documents/RISC-V-Simulation/risc_test_executable/Makefile&quot;  VERBOSE=1 rebuild_cache"/>
					<CompileFile command="/usr/bin/make -j4 -f &quot;/Users/gafert/Documents/RISC-V-Simulation/risc_test_executable/Makefile&quot;  VERBOSE=1 &quot;$file&quot;"/>
					<Clean command="/usr/bin/make -j4 -f &quot;/Users/gafert/Documents/RISC-V-Simulation/risc_test_executable/Makefile&quot;  VERBOSE=1 clean"/>
					<DistClean command="/usr/bin/make -j4 -f &quot;/Users/gafert/Documents/RISC-V-Simulation/risc_test_executable/Makefile&quot;  VERBOSE=1 clean"/>
				</MakeCommands>
			</Target>
			<Target title="edit_cache">
				<Option working_dir="/Users/gafert/Documents/RISC-V-Simulation/risc_test_executable"/>
				<Option type="4"/>
				<MakeCommands>
					<Build command="/usr/bin/make -j4 -f &quot;/Users/gafert/Documents/RISC-V-Simulation/risc_test_executable/Makefile&quot;  VERBOSE=1 edit_cache"/>
					<CompileFile command="/usr/bin/make -j4 -f &quot;/Users/gafert/Documents/RISC-V-Simulation/risc_test_executable/Makefile&quot;  VERBOSE=1 &quot;$file&quot;"/>
					<Clean command="/usr/bin/make -j4 -f &quot;/Users/gafert/Documents/RISC-V-Simulation/risc_test_executable/Makefile&quot;  VERBOSE=1 clean"/>
					<DistClean command="/usr/bin/make -j4 -f &quot;/Users/gafert/Documents/RISC-V-Simulation/risc_test_executable/Makefile&quot;  VERBOSE=1 clean"/>
				</MakeCommands>
			</Target>
			<Target title="program">
				<Option output="/Users/gafert/Documents/RISC-V-Simulation/risc_test_executable/program.elf" prefix_auto="0" extension_auto="0"/>
				<Option working_dir=""/>
				<Option object_output="./"/>
				<Option type="1"/>
				<Option compiler="clang"/>
				<Compiler>
					<Add directory="/Library/Developer/CommandLineTools/usr/bin/../include/c++/v1"/>
					<Add directory="/usr/local/include"/>
					<Add directory="/Library/Developer/CommandLineTools/usr/lib/clang/11.0.3/include"/>
					<Add directory="/Library/Developer/CommandLineTools/usr/include"/>
					<Add directory="/System/Library/Frameworks"/>
					<Add directory="/Library/Frameworks"/>
				</Compiler>
				<MakeCommands>
					<Build command="/usr/bin/make -j4 -f &quot;/Users/gafert/Documents/RISC-V-Simulation/risc_test_executable/Makefile&quot;  VERBOSE=1 program"/>
					<CompileFile command="/usr/bin/make -j4 -f &quot;/Users/gafert/Documents/RISC-V-Simulation/risc_test_executable/Makefile&quot;  VERBOSE=1 &quot;$file&quot;"/>
					<Clean command="/usr/bin/make -j4 -f &quot;/Users/gafert/Documents/RISC-V-Simulation/risc_test_executable/Makefile&quot;  VERBOSE=1 clean"/>
					<DistClean command="/usr/bin/make -j4 -f &quot;/Users/gafert/Documents/RISC-V-Simulation/risc_test_executable/Makefile&quot;  VERBOSE=1 clean"/>
				</MakeCommands>
			</Target>
			<Target title="program/fast">
				<Option output="/Users/gafert/Documents/RISC-V-Simulation/risc_test_executable/program.elf" prefix_auto="0" extension_auto="0"/>
				<Option working_dir=""/>
				<Option object_output="./"/>
				<Option type="1"/>
				<Option compiler="clang"/>
				<Compiler>
					<Add directory="/Library/Developer/CommandLineTools/usr/bin/../include/c++/v1"/>
					<Add directory="/usr/local/include"/>
					<Add directory="/Library/Developer/CommandLineTools/usr/lib/clang/11.0.3/include"/>
					<Add directory="/Library/Developer/CommandLineTools/usr/include"/>
					<Add directory="/System/Library/Frameworks"/>
					<Add directory="/Library/Frameworks"/>
				</Compiler>
				<MakeCommands>
					<Build command="/usr/bin/make -j4 -f &quot;/Users/gafert/Documents/RISC-V-Simulation/risc_test_executable/Makefile&quot;  VERBOSE=1 program/fast"/>
					<CompileFile command="/usr/bin/make -j4 -f &quot;/Users/gafert/Documents/RISC-V-Simulation/risc_test_executable/Makefile&quot;  VERBOSE=1 &quot;$file&quot;"/>
					<Clean command="/usr/bin/make -j4 -f &quot;/Users/gafert/Documents/RISC-V-Simulation/risc_test_executable/Makefile&quot;  VERBOSE=1 clean"/>
					<DistClean command="/usr/bin/make -j4 -f &quot;/Users/gafert/Documents/RISC-V-Simulation/risc_test_executable/Makefile&quot;  VERBOSE=1 clean"/>
				</MakeCommands>
			</Target>
		</Build>
		<Unit filename="/Users/gafert/Documents/RISC-V-Simulation/risc_test_executable/program.c">
			<Option target="program"/>
		</Unit>
		<Unit filename="/Users/gafert/Documents/RISC-V-Simulation/risc_test_executable/start_stdlib.s">
			<Option target="program"/>
		</Unit>
		<Unit filename="/Users/gafert/Documents/RISC-V-Simulation/risc_test_executable/syscalls.c">
			<Option target="program"/>
		</Unit>
		<Unit filename="/Users/gafert/Documents/RISC-V-Simulation/risc_test_executable/CMakeLists.txt">
			<Option virtualFolder="CMake Files\"/>
		</Unit>
	</Project>
</CodeBlocks_project_file>
